
Microsoft Visual Studio Solution File, Format Version 12.00
# Visual Studio Version 17
VisualStudioVersion = 17.8.34330.188
MinimumVisualStudioVersion = 10.0.40219.1
Project("{FAE04EC0-301F-11D3-BF4B-00C04F79EFBC}") = "Authentication", "Authentication\Authentication.csproj", "{43EFAAA4-7D25-435D-A031-8B46BFE01D04}"
EndProject
Global
	GlobalSection(SolutionConfigurationPlatforms) = preSolution
		Debug|Any CPU = Debug|Any CPU
		Release|Any CPU = Release|Any CPU
	EndGlobalSection
	GlobalSection(ProjectConfigurationPlatforms) = postSolution
		{43EFAAA4-7D25-435D-A031-8B46BFE01D04}.Debug|Any CPU.ActiveCfg = Debug|Any CPU
		{43EFAAA4-7D25-435D-A031-8B46BFE01D04}.Debug|Any CPU.Build.0 = Debug|Any CPU
		{43EFAAA4-7D25-435D-A031-8B46BFE01D04}.Release|Any CPU.ActiveCfg = Release|Any CPU
		{43EFAAA4-7D25-435D-A031-8B46BFE01D04}.Release|Any CPU.Build.0 = Release|Any CPU
	EndGlobalSection
	GlobalSection(SolutionProperties) = preSolution
		HideSolutionNode = FALSE
	EndGlobalSection
	GlobalSection(ExtensibilityGlobals) = postSolution
		SolutionGuid = {76C2C227-4477-493C-9B72-26AA2D0FEBB7}
	EndGlobalSection
EndGlobal
